// !$*UTF8*$!
{
	archiveVersion = 1;
	classes = {
	};
	objectVersion = 55;
	objects = {

/* Begin PBXBuildFile section */
		2F66FC2027C543F700EF85BC /* Persistance.swift in Sources */ = {isa = PBXBuildFile; fileRef = 2F66FC1F27C543F700EF85BC /* Persistance.swift */; };
		2F66FC2327C5448E00EF85BC /* Model.xcdatamodeld in Sources */ = {isa = PBXBuildFile; fileRef = 2F66FC2127C5448E00EF85BC /* Model.xcdatamodeld */; };
		2FABB94427B3201F00ECD097 /* Launch Screen.storyboard in Resources */ = {isa = PBXBuildFile; fileRef = 2FABB94327B3201F00ECD097 /* Launch Screen.storyboard */; };
		2FABB94627B3298E00ECD097 /* QuitGame.swift in Sources */ = {isa = PBXBuildFile; fileRef = 2FABB94527B3298E00ECD097 /* QuitGame.swift */; };
		2FABB94827B34E7600ECD097 /* QuitConfirmation.swift in Sources */ = {isa = PBXBuildFile; fileRef = 2FABB94727B34E7600ECD097 /* QuitConfirmation.swift */; };
		2FD5E93B27C49F87008A04A9 /* Help.swift in Sources */ = {isa = PBXBuildFile; fileRef = 2FD5E93A27C49F86008A04A9 /* Help.swift */; };
		FB465619279F4208008E6B65 /* MAPD724_Group4_SlotmachinApp.swift in Sources */ = {isa = PBXBuildFile; fileRef = FB465618279F4208008E6B65 /* MAPD724_Group4_SlotmachinApp.swift */; };
		FB46561B279F4208008E6B65 /* ContentView.swift in Sources */ = {isa = PBXBuildFile; fileRef = FB46561A279F4208008E6B65 /* ContentView.swift */; };
		FB46561D279F4209008E6B65 /* Assets.xcassets in Resources */ = {isa = PBXBuildFile; fileRef = FB46561C279F4209008E6B65 /* Assets.xcassets */; };
		FB465620279F4209008E6B65 /* Preview Assets.xcassets in Resources */ = {isa = PBXBuildFile; fileRef = FB46561F279F4209008E6B65 /* Preview Assets.xcassets */; };
/* End PBXBuildFile section */

/* Begin PBXFileReference section */
		2F66FC1F27C543F700EF85BC /* Persistance.swift */ = {isa = PBXFileReference; lastKnownFileType = sourcecode.swift; path = Persistance.swift; sourceTree = "<group>"; };
		2F66FC2227C5448E00EF85BC /* Model.xcdatamodel */ = {isa = PBXFileReference; lastKnownFileType = wrapper.xcdatamodel; path = Model.xcdatamodel; sourceTree = "<group>"; };
		2FABB94327B3201F00ECD097 /* Launch Screen.storyboard */ = {isa = PBXFileReference; lastKnownFileType = file.storyboard; path = "Launch Screen.storyboard"; sourceTree = "<group>"; };
		2FABB94527B3298E00ECD097 /* QuitGame.swift */ = {isa = PBXFileReference; lastKnownFileType = sourcecode.swift; path = QuitGame.swift; sourceTree = "<group>"; };
		2FABB94727B34E7600ECD097 /* QuitConfirmation.swift */ = {isa = PBXFileReference; lastKnownFileType = sourcecode.swift; path = QuitConfirmation.swift; sourceTree = "<group>"; };
		2FD5E93A27C49F86008A04A9 /* Help.swift */ = {isa = PBXFileReference; lastKnownFileType = sourcecode.swift; path = Help.swift; sourceTree = "<group>"; };
		FB465615279F4208008E6B65 /* MAPD724_Group4_Slotmachin.app */ = {isa = PBXFileReference; explicitFileType = wrapper.application; includeInIndex = 0; path = MAPD724_Group4_Slotmachin.app; sourceTree = BUILT_PRODUCTS_DIR; };
		FB465618279F4208008E6B65 /* MAPD724_Group4_SlotmachinApp.swift */ = {isa = PBXFileReference; lastKnownFileType = sourcecode.swift; path = MAPD724_Group4_SlotmachinApp.swift; sourceTree = "<group>"; };
		FB46561A279F4208008E6B65 /* ContentView.swift */ = {isa = PBXFileReference; lastKnownFileType = sourcecode.swift; path = ContentView.swift; sourceTree = "<group>"; };
		FB46561C279F4209008E6B65 /* Assets.xcassets */ = {isa = PBXFileReference; lastKnownFileType = folder.assetcatalog; path = Assets.xcassets; sourceTree = "<group>"; };
		FB46561F279F4209008E6B65 /* Preview Assets.xcassets */ = {isa = PBXFileReference; lastKnownFileType = folder.assetcatalog; path = "Preview Assets.xcassets"; sourceTree = "<group>"; };
/* End PBXFileReference section */

/* Begin PBXFrameworksBuildPhase section */
		FB465612279F4208008E6B65 /* Frameworks */ = {
			isa = PBXFrameworksBuildPhase;
			buildActionMask = 2147483647;
			files = (
			);
			runOnlyForDeploymentPostprocessing = 0;
		};
/* End PBXFrameworksBuildPhase section */

/* Begin PBXGroup section */
		FB46560C279F4208008E6B65 = {
			isa = PBXGroup;
			children = (
				FB465617279F4208008E6B65 /* MAPD724_Group4_Slotmachin */,
				FB465616279F4208008E6B65 /* Products */,
			);
			sourceTree = "<group>";
		};
		FB465616279F4208008E6B65 /* Products */ = {
			isa = PBXGroup;
			children = (
				FB465615279F4208008E6B65 /* MAPD724_Group4_Slotmachin.app */,
			);
			name = Products;
			sourceTree = "<group>";
		};
		FB465617279F4208008E6B65 /* MAPD724_Group4_Slotmachin */ = {
			isa = PBXGroup;
			children = (
				FB465618279F4208008E6B65 /* MAPD724_Group4_SlotmachinApp.swift */,
				FB46561A279F4208008E6B65 /* ContentView.swift */,
				2FABB94727B34E7600ECD097 /* QuitConfirmation.swift */,
				2FABB94527B3298E00ECD097 /* QuitGame.swift */,
				2FD5E93A27C49F86008A04A9 /* Help.swift */,
				2F66FC1F27C543F700EF85BC /* Persistance.swift */,
				FB46561C279F4209008E6B65 /* Assets.xcassets */,
				2F66FC2127C5448E00EF85BC /* Model.xcdatamodeld */,
				FB46561E279F4209008E6B65 /* Preview Content */,
				2FABB94327B3201F00ECD097 /* Launch Screen.storyboard */,
			);
			path = MAPD724_Group4_Slotmachin;
			sourceTree = "<group>";
		};
		FB46561E279F4209008E6B65 /* Preview Content */ = {
			isa = PBXGroup;
			children = (
				FB46561F279F4209008E6B65 /* Preview Assets.xcassets */,
			);
			path = "Preview Content";
			sourceTree = "<group>";
		};
/* End PBXGroup section */

/* Begin PBXNativeTarget section */
		FB465614279F4208008E6B65 /* MAPD724_Group4_Slotmachin */ = {
			isa = PBXNativeTarget;
			buildConfigurationList = FB465623279F4209008E6B65 /* Build configuration list for PBXNativeTarget "MAPD724_Group4_Slotmachin" */;
			buildPhases = (
				FB465611279F4208008E6B65 /* Sources */,
				FB465612279F4208008E6B65 /* Frameworks */,
				FB465613279F4208008E6B65 /* Resources */,
			);
			buildRules = (
			);
			dependencies = (
			);
			name = MAPD724_Group4_Slotmachin;
			productName = MAPD724_Group4_Slotmachin;
			productReference = FB465615279F4208008E6B65 /* MAPD724_Group4_Slotmachin.app */;
			productType = "com.apple.product-type.application";
		};
/* End PBXNativeTarget section */

/* Begin PBXProject section */
		FB46560D279F4208008E6B65 /* Project object */ = {
			isa = PBXProject;
			attributes = {
				BuildIndependentTargetsInParallel = 1;
				LastSwiftUpdateCheck = 1320;
				LastUpgradeCheck = 1320;
				TargetAttributes = {
					FB465614279F4208008E6B65 = {
						CreatedOnToolsVersion = 13.2.1;
					};
				};
			};
			buildConfigurationList = FB465610279F4208008E6B65 /* Build configuration list for PBXProject "MAPD724_Group4_Slotmachin" */;
			compatibilityVersion = "Xcode 13.0";
			developmentRegion = en;
			hasScannedForEncodings = 0;
			knownRegions = (
				en,
				Base,
			);
			mainGroup = FB46560C279F4208008E6B65;
			productRefGroup = FB465616279F4208008E6B65 /* Products */;
			projectDirPath = "";
			projectRoot = "";
			targets = (
				FB465614279F4208008E6B65 /* MAPD724_Group4_Slotmachin */,
			);
		};
/* End PBXProject section */

/* Begin PBXResourcesBuildPhase section */
		FB465613279F4208008E6B65 /* Resources */ = {
			isa = PBXResourcesBuildPhase;
			buildActionMask = 2147483647;
			files = (
				2FABB94427B3201F00ECD097 /* Launch Screen.storyboard in Resources */,
				FB465620279F4209008E6B65 /* Preview Assets.xcassets in Resources */,
				FB46561D279F4209008E6B65 /* Assets.xcassets in Resources */,
			);
			runOnlyForDeploymentPostprocessing = 0;
		};
/* End PBXResourcesBuildPhase section */

/* Begin PBXSourcesBuildPhase section */
		FB465611279F4208008E6B65 /* Sources */ = {
			isa = PBXSourcesBuildPhase;
			buildActionMask = 2147483647;
			files = (
				2F66FC2027C543F700EF85BC /* Persistance.swift in Sources */,
				2FD5E93B27C49F87008A04A9 /* Help.swift in Sources */,
				2F66FC2327C5448E00EF85BC /* Model.xcdatamodeld in Sources */,
				FB46561B279F4208008E6B65 /* ContentView.swift in Sources */,
				2FABB94827B34E7600ECD097 /* QuitConfirmation.swift in Sources */,
				FB465619279F4208008E6B65 /* MAPD724_Group4_SlotmachinApp.swift in Sources */,
				2FABB94627B3298E00ECD097 /* QuitGame.swift in Sources */,
			);
			runOnlyForDeploymentPostprocessing = 0;
		};
/* End PBXSourcesBuildPhase section */

/* Begin XCBuildConfiguration section */
		FB465621279F4209008E6B65 /* Debug */ = {
			isa = XCBuildConfiguration;
			buildSettings = {
				ALWAYS_SEARCH_USER_PATHS = NO;
				CLANG_ANALYZER_NONNULL = YES;
				CLANG_ANALYZER_NUMBER_OBJECT_CONVERSION = YES_AGGRESSIVE;
				CLANG_CXX_LANGUAGE_STANDARD = "gnu++17";
				CLANG_CXX_LIBRARY = "libc++";
				CLANG_ENABLE_MODULES = YES;
				CLANG_ENABLE_OBJC_ARC = YES;
				CLANG_ENABLE_OBJC_WEAK = YES;
				CLANG_WARN_BLOCK_CAPTURE_AUTORELEASING = YES;
				CLANG_WARN_BOOL_CONVERSION = YES;
				CLANG_WARN_COMMA = YES;
				CLANG_WARN_CONSTANT_CONVERSION = YES;
				CLANG_WARN_DEPRECATED_OBJC_IMPLEMENTATIONS = YES;
				CLANG_WARN_DIRECT_OBJC_ISA_USAGE = YES_ERROR;
				CLANG_WARN_DOCUMENTATION_COMMENTS = YES;
				CLANG_WARN_EMPTY_BODY = YES;
				CLANG_WARN_ENUM_CONVERSION = YES;
				CLANG_WARN_INFINITE_RECURSION = YES;
				CLANG_WARN_INT_CONVERSION = YES;
				CLANG_WARN_NON_LITERAL_NULL_CONVERSION = YES;
				CLANG_WARN_OBJC_IMPLICIT_RETAIN_SELF = YES;
				CLANG_WARN_OBJC_LITERAL_CONVERSION = YES;
				CLANG_WARN_OBJC_ROOT_CLASS = YES_ERROR;
				CLANG_WARN_QUOTED_INCLUDE_IN_FRAMEWORK_HEADER = YES;
				CLANG_WARN_RANGE_LOOP_ANALYSIS = YES;
				CLANG_WARN_STRICT_PROTOTYPES = YES;
				CLANG_WARN_SUSPICIOUS_MOVE = YES;
				CLANG_WARN_UNGUARDED_AVAILABILITY = YES_AGGRESSIVE;
				CLANG_WARN_UNREACHABLE_CODE = YES;
				CLANG_WARN__DUPLICATE_METHOD_MATCH = YES;
				COPY_PHASE_STRIP = NO;
				DEBUG_INFORMATION_FORMAT = dwarf;
				ENABLE_STRICT_OBJC_MSGSEND = YES;
				ENABLE_TESTABILITY = YES;
				GCC_C_LANGUAGE_STANDARD = gnu11;
				GCC_DYNAMIC_NO_PIC = NO;
				GCC_NO_COMMON_BLOCKS = YES;
				GCC_OPTIMIZATION_LEVEL = 0;
				GCC_PREPROCESSOR_DEFINITIONS = (
					"DEBUG=1",
					"$(inherited)",
				);
				GCC_WARN_64_TO_32_BIT_CONVERSION = YES;
				GCC_WARN_ABOUT_RETURN_TYPE = YES_ERROR;
				GCC_WARN_UNDECLARED_SELECTOR = YES;
				GCC_WARN_UNINITIALIZED_AUTOS = YES_AGGRESSIVE;
				GCC_WARN_UNUSED_FUNCTION = YES;
				GCC_WARN_UNUSED_VARIABLE = YES;
				IPHONEOS_DEPLOYMENT_TARGET = 15.2;
				MTL_ENABLE_DEBUG_INFO = INCLUDE_SOURCE;
				MTL_FAST_MATH = YES;
				ONLY_ACTIVE_ARCH = YES;
				SDKROOT = iphoneos;
				SWIFT_ACTIVE_COMPILATION_CONDITIONS = DEBUG;
				SWIFT_OPTIMIZATION_LEVEL = "-Onone";
			};
			name = Debug;
		};
		FB465622279F4209008E6B65 /* Release */ = {
			isa = XCBuildConfiguration;
			buildSettings = {
				ALWAYS_SEARCH_USER_PATHS = NO;
				CLANG_ANALYZER_NONNULL = YES;
				CLANG_ANALYZER_NUMBER_OBJECT_CONVERSION = YES_AGGRESSIVE;
				CLANG_CXX_LANGUAGE_STANDARD = "gnu++17";
				CLANG_CXX_LIBRARY = "libc++";
				CLANG_ENABLE_MODULES = YES;
				CLANG_ENABLE_OBJC_ARC = YES;
				CLANG_ENABLE_OBJC_WEAK = YES;
				CLANG_WARN_BLOCK_CAPTURE_AUTORELEASING = YES;
				CLANG_WARN_BOOL_CONVERSION = YES;
				CLANG_WARN_COMMA = YES;
				CLANG_WARN_CONSTANT_CONVERSION = YES;
				CLANG_WARN_DEPRECATED_OBJC_IMPLEMENTATIONS = YES;
				CLANG_WARN_DIRECT_OBJC_ISA_USAGE = YES_ERROR;
				CLANG_WARN_DOCUMENTATION_COMMENTS = YES;
				CLANG_WARN_EMPTY_BODY = YES;
				CLANG_WARN_ENUM_CONVERSION = YES;
				CLANG_WARN_INFINITE_RECURSION = YES;
				CLANG_WARN_INT_CONVERSION = YES;
				CLANG_WARN_NON_LITERAL_NULL_CONVERSION = YES;
				CLANG_WARN_OBJC_IMPLICIT_RETAIN_SELF = YES;
				CLANG_WARN_OBJC_LITERAL_CONVERSION = YES;
				CLANG_WARN_OBJC_ROOT_CLASS = YES_ERROR;
				CLANG_WARN_QUOTED_INCLUDE_IN_FRAMEWORK_HEADER = YES;
				CLANG_WARN_RANGE_LOOP_ANALYSIS = YES;
				CLANG_WARN_STRICT_PROTOTYPES = YES;
				CLANG_WARN_SUSPICIOUS_MOVE = YES;
				CLANG_WARN_UNGUARDED_AVAILABILITY = YES_AGGRESSIVE;
				CLANG_WARN_UNREACHABLE_CODE = YES;
				CLANG_WARN__DUPLICATE_METHOD_MATCH = YES;
				COPY_PHASE_STRIP = NO;
				DEBUG_INFORMATION_FORMAT = "dwarf-with-dsym";
				ENABLE_NS_ASSERTIONS = NO;
				ENABLE_STRICT_OBJC_MSGSEND = YES;
				GCC_C_LANGUAGE_STANDARD = gnu11;
				GCC_NO_COMMON_BLOCKS = YES;
				GCC_WARN_64_TO_32_BIT_CONVERSION = YES;
				GCC_WARN_ABOUT_RETURN_TYPE = YES_ERROR;
				GCC_WARN_UNDECLARED_SELECTOR = YES;
				GCC_WARN_UNINITIALIZED_AUTOS = YES_AGGRESSIVE;
				GCC_WARN_UNUSED_FUNCTION = YES;
				GCC_WARN_UNUSED_VARIABLE = YES;
				IPHONEOS_DEPLOYMENT_TARGET = 15.2;
				MTL_ENABLE_DEBUG_INFO = NO;
				MTL_FAST_MATH = YES;
				SDKROOT = iphoneos;
				SWIFT_COMPILATION_MODE = wholemodule;
				SWIFT_OPTIMIZATION_LEVEL = "-O";
				VALIDATE_PRODUCT = YES;
			};
			name = Release;
		};
		FB465624279F4209008E6B65 /* Debug */ = {
			isa = XCBuildConfiguration;
			buildSettings = {
				ASSETCATALOG_COMPILER_APPICON_NAME = AppIcon;
				ASSETCATALOG_COMPILER_GLOBAL_ACCENT_COLOR_NAME = AccentColor;
				CODE_SIGN_STYLE = Automatic;
				CURRENT_PROJECT_VERSION = 1;
				DEVELOPMENT_ASSET_PATHS = "\"MAPD724_Group4_Slotmachin/Preview Content\"";
				DEVELOPMENT_TEAM = 57M78XC3KM;
				ENABLE_PREVIEWS = YES;
				GENERATE_INFOPLIST_FILE = YES;
				INFOPLIST_KEY_UIApplicationSceneManifest_Generation = YES;
				INFOPLIST_KEY_UIApplicationSupportsIndirectInputEvents = YES;
				INFOPLIST_KEY_UILaunchScreen_Generation = YES;
				INFOPLIST_KEY_UISupportedInterfaceOrientations_iPad = "UIInterfaceOrientationPortrait UIInterfaceOrientationPortraitUpsideDown UIInterfaceOrientationLandscapeLeft UIInterfaceOrientationLandscapeRight";
				INFOPLIST_KEY_UISupportedInterfaceOrientations_iPhone = "UIInterfaceOrientationPortrait UIInterfaceOrientationLandscapeLeft UIInterfaceOrientationLandscapeRight";
				LD_RUNPATH_SEARCH_PATHS = (
					"$(inherited)",
					"@executable_path/Frameworks",
				);
				MARKETING_VERSION = 1.0;
				PRODUCT_BUNDLE_IDENTIFIER = "com.ridham.MAPD724-Group4-Slotmachin";
				PRODUCT_NAME = "$(TARGET_NAME)";
				SWIFT_EMIT_LOC_STRINGS = YES;
				SWIFT_VERSION = 5.0;
				TARGETED_DEVICE_FAMILY = "1,2";
			};
			name = Debug;
		};
		FB465625279F4209008E6B65 /* Release */ = {
			isa = XCBuildConfiguration;
			buildSettings = {
				ASSETCATALOG_COMPILER_APPICON_NAME = AppIcon;
				ASSETCATALOG_COMPILER_GLOBAL_ACCENT_COLOR_NAME = AccentColor;
				CODE_SIGN_STYLE = Automatic;
				CURRENT_PROJECT_VERSION = 1;
				DEVELOPMENT_ASSET_PATHS = "\"MAPD724_Group4_Slotmachin/Preview Content\"";
				DEVELOPMENT_TEAM = 57M78XC3KM;
				ENABLE_PREVIEWS = YES;
				GENERATE_INFOPLIST_FILE = YES;
				INFOPLIST_KEY_UIApplicationSceneManifest_Generation = YES;
				INFOPLIST_KEY_UIApplicationSupportsIndirectInputEvents = YES;
				INFOPLIST_KEY_UILaunchScreen_Generation = YES;
				INFOPLIST_KEY_UISupportedInterfaceOrientations_iPad = "UIInterfaceOrientationPortrait UIInterfaceOrientationPortraitUpsideDown UIInterfaceOrientationLandscapeLeft UIInterfaceOrientationLandscapeRight";
				INFOPLIST_KEY_UISupportedInterfaceOrientations_iPhone = "UIInterfaceOrientationPortrait UIInterfaceOrientationLandscapeLeft UIInterfaceOrientationLandscapeRight";
				LD_RUNPATH_SEARCH_PATHS = (
					"$(inherited)",
					"@executable_path/Frameworks",
				);
				MARKETING_VERSION = 1.0;
				PRODUCT_BUNDLE_IDENTIFIER = "com.ridham.MAPD724-Group4-Slotmachin";
				PRODUCT_NAME = "$(TARGET_NAME)";
				SWIFT_EMIT_LOC_STRINGS = YES;
				SWIFT_VERSION = 5.0;
				TARGETED_DEVICE_FAMILY = "1,2";
			};
			name = Release;
		};
/* End XCBuildConfiguration section */

/* Begin XCConfigurationList section */
		FB465610279F4208008E6B65 /* Build configuration list for PBXProject "MAPD724_Group4_Slotmachin" */ = {
			isa = XCConfigurationList;
			buildConfigurations = (
				FB465621279F4209008E6B65 /* Debug */,
				FB465622279F4209008E6B65 /* Release */,
			);
			defaultConfigurationIsVisible = 0;
			defaultConfigurationName = Release;
		};
		FB465623279F4209008E6B65 /* Build configuration list for PBXNativeTarget "MAPD724_Group4_Slotmachin" */ = {
			isa = XCConfigurationList;
			buildConfigurations = (
				FB465624279F4209008E6B65 /* Debug */,
				FB465625279F4209008E6B65 /* Release */,
			);
			defaultConfigurationIsVisible = 0;
			defaultConfigurationName = Release;
		};
/* End XCConfigurationList section */

/* Begin XCVersionGroup section */
		2F66FC2127C5448E00EF85BC /* Model.xcdatamodeld */ = {
			isa = XCVersionGroup;
			children = (
				2F66FC2227C5448E00EF85BC /* Model.xcdatamodel */,
			);
			currentVersion = 2F66FC2227C5448E00EF85BC /* Model.xcdatamodel */;
			path = Model.xcdatamodeld;
			sourceTree = "<group>";
			versionGroupType = wrapper.xcdatamodel;
		};
/* End XCVersionGroup section */
	};
	rootObject = FB46560D279F4208008E6B65 /* Project object */;
}
